{
    "_meta": {
        "hash": {
            "sha256": "9fb79bcb8de56484c2380e3a857be49f68a9534a1479bc83c7c92729d799ac50"
        },
        "pipfile-spec": 6,
        "requires": {
            "python_version": "3.6"
        },
        "sources": [
            {
                "name": "pypi",
                "url": "https://pypi.python.org/simple",
                "verify_ssl": true
            }
        ]
    },
    "default": {
        "appnope": {
            "hashes": [
                "sha256:5b26757dc6f79a3b7dc9fab95359328d5747fcb2409d331ea66d0272b90ab2a0",
                "sha256:8b995ffe925347a2138d7ac0fe77155e4311a0ea6d6da4f5128fe4b3cbe5ed71"
            ],
            "index": "pypi",
            "version": "==0.1.0"
        },
        "beautifulsoup4": {
            "hashes": [
                "sha256:11a9a27b7d3bddc6d86f59fb76afb70e921a25ac2d6cc55b40d072bd68435a76",
                "sha256:7015e76bf32f1f574636c4288399a6de66ce08fb7b2457f628a8d70c0fbabb11",
                "sha256:808b6ac932dccb0a4126558f7dfdcf41710dd44a4ef497a0bb59a77f9f078e89"
            ],
            "index": "pypi",
            "version": "==4.6.0"
        },
        "certifi": {
            "hashes": [
                "sha256:40523d2efb60523e113b44602298f0960e900388cf3bb6043f645cf57ea9e3f5",
                "sha256:54a07c09c586b0e4c619f02a5e94e36619da8e2b053e20f594348c0611803704"
            ],
            "index": "pypi",
            "version": "==2017.7.27.1"
        },
        "chardet": {
            "hashes": [
                "sha256:84ab92ed1c4d4f16916e05906b6b75a6c0fb5db821cc65e70cbd64a3e2a5eaae",
                "sha256:fc323ffcaeaed0e0a02bf4d117757b98aed530d9ed4531e3e15460124c106691"
            ],
            "index": "pypi",
            "version": "==3.0.4"
        },
        "decorator": {
            "hashes": [
                "sha256:7cb64d38cb8002971710c8899fbdfb859a23a364b7c99dab19d1f719c2ba16b5",
                "sha256:95a26b17806e284452bfd97fa20aa1e8cb4ee23542bda4dbac5e4562aa1642cd"
            ],
            "index": "pypi",
            "version": "==4.1.2"
        },
        "django": {
            "hashes": [
                "sha256:6fd30e05dc9af265f7d7d10cfb0efa013e6236db0853c9f47c74c585587c5a57",
                "sha256:abe86e67dda9897a1536a727ed57dbefb5a42b41943be3b116fe3edab4c07bb2"
            ],
            "index": "pypi",
            "version": "==1.11.4"
        },
        "django-filter": {
            "hashes": [
                "sha256:6ef1611aeacfda8f13a075a992ff65687afbd5cc8fcb0f3f1563a9ad4fe2d1b0",
                "sha256:e44620d4e707beaff7396ac8df765dc015a07467df813b9c1663fe4017934b58"
            ],
            "index": "pypi",
            "version": "==1.0.4"
        },
        "django-modelcluster": {
            "hashes": [
                "sha256:9edde7fb87b413c1114df47f928e95fbd6878de17f9f2caeea90e77766e272b5"
            ],
            "index": "pypi",
            "version": "==3.1"
        },
        "django-taggit": {
            "hashes": [
                "sha256:87eeae942a2db48bf6e78c081e29d863d8aeab7430427bea3f08b46e801a5191",
                "sha256:969a68dc244fd3051589b6b917e26777cdf186f95dd51bf2f023f5446e2ca89e"
            ],
            "index": "pypi",
            "version": "==0.22.1"
        },
        "django-treebeard": {
            "hashes": [
                "sha256:a11bb3dfc60004adda12a4e2e2fd1f691b36d7aa302604542926d5d2209687fd"
            ],
            "index": "pypi",
            "version": "==4.1.2"
        },
        "djangorestframework": {
            "hashes": [
                "sha256:0f9bfbac702f3376dfb2db4971ad8af4e066bfa35393b1b85e085f7e8b91189a",
                "sha256:de8ac68b3cf6dd41b98e01dcc92dc0022a5958f096eafc181a17fa975d18ca42"
            ],
            "index": "pypi",
            "version": "==3.6.4"
        },
        "gunicorn": {
            "hashes": [
                "sha256:75af03c99389535f218cc596c7de74df4763803f7b63eb09d77e92b3956b36c6",
                "sha256:eee1169f0ca667be05db3351a0960765620dad53f53434262ff8901b68a1b622"
            ],
            "index": "pypi",
            "version": "==19.7.1"
        },
        "html5lib": {
            "hashes": [
                "sha256:b8934484cf22f1db684c0fae27569a0db404d0208d20163fbf51cc537245d008",
                "sha256:ee747c0ffd3028d2722061936b5c65ee4fe13c8e4613519b4447123fc4546298"
            ],
            "index": "pypi",
            "version": "==0.999999999"
        },
        "idna": {
            "hashes": [
                "sha256:2c6a5de3089009e3da7c5dde64a141dbc8551d5b7f6cf4ed7c2568d0cc520a8f",
                "sha256:8c7309c718f94b3a625cb648ace320157ad16ff131ae0af362c9f21b80ef6ec4"
            ],
            "index": "pypi",
            "version": "==2.6"
        },
        "ipython": {
            "hashes": [
                "sha256:0faac098d0e5a79272d1a8dd95d568c7ae7a823c9b21b1bca5800541aa994e6f",
                "sha256:81b0d6936f87002e6972eccc7e4085f5c2d0673decff22724b53cf34809ffacf"
            ],
            "index": "pypi",
            "version": "==6.2.0"
        },
        "ipython-genutils": {
            "hashes": [
                "sha256:72dd37233799e619666c9f639a9da83c34013a73e8bbc79a7a6348d93c61fab8",
                "sha256:eb2e116e75ecef9d4d228fdc66af54269afa26ab4463042e33785b887c628ba8"
            ],
            "index": "pypi",
            "version": "==0.2.0"
        },
        "jedi": {
            "hashes": [
                "sha256:3af518490ffcd00a3074c135b42511e081575e9abd115c216a34491411ceebb0",
                "sha256:f6d5973573e76b1fd2ea75f6dcd6445d02d41ff3af5fc61b275b4e323d1dd396"
            ],
            "index": "pypi",
            "version": "==0.11.0"
        },
        "markdown": {
            "hashes": [
                "sha256:73af797238b95768b3a9b6fe6270e250e5c09d988b8e5b223fd5efa4e06faf81"
            ],
            "index": "pypi",
            "version": "==2.6.9"
        },
        "mysqlclient": {
            "hashes": [
                "sha256:26e19db4929313104e287916afa4cdd03974c51838414d508023bb324468daf0",
                "sha256:34003bb52c82e415ba10da1ce2925745ad2220335e1e14921bb56f68dd5e37f6",
                "sha256:452aaf9d2ba1a4fb85c134c88f9b1857852deed63b3b13255d7a65d2c1297262",
                "sha256:9cafa74a58b7f280cd2392f1b656aa3660ca6ddfd641f0779cd0a76831bb81b0",
                "sha256:b435116061913b75a27519bee3f71d82a11b409f878f8797061ecf24117854c6"
            ],
            "index": "pypi",
            "version": "==1.3.10"
        },
        "olefile": {
            "hashes": [
                "sha256:61f2ca0cd0aa77279eb943c07f607438edf374096b66332fae1ee64a6f0f73ad"
            ],
            "index": "pypi",
            "version": "==0.44"
        },
        "parso": {
            "hashes": [
                "sha256:b573acb69f66a970197b5fdbbdfad3b8a417a520e383133b2b4e708f104bfc9a",
                "sha256:c5279916bb417aa2bf634648ff895cf35dce371d7319744884827bfad06f8d7b"
            ],
            "index": "pypi",
            "version": "==0.1.0"
        },
        "pexpect": {
            "hashes": [
                "sha256:3d132465a75b57aa818341c6521392a06cc660feb3988d7f1074f39bd23c9a92",
                "sha256:f853b52afaf3b064d29854771e2db509ef80392509bde2dd7a6ecf2dfc3f0018"
            ],
            "index": "pypi",
            "version": "==4.2.1"
        },
        "pickleshare": {
            "hashes": [
                "sha256:84a9257227dfdd6fe1b4be1319096c20eb85ff1e82c7932f36efccfe1b09737b",
                "sha256:c9a2541f25aeabc070f12f452e1f2a8eae2abd51e1cd19e8430402bdf4c1d8b5"
            ],
            "index": "pypi",
            "version": "==0.7.4"
        },
        "pillow": {
            "hashes": [
                "sha256:00fdeb23820f30e43bba78eb9abb00b7a937a655de7760b2e09101d63708b64e",
                "sha256:01f948e8220c85eae1aa1a7f8edddcec193918f933fb07aaebe0bfbbcffefbf1",
                "sha256:08abf39948d4b5017a137be58f1a52b7101700431f0777bec3d897c3949f74e6",
                "sha256:099a61618b145ecb50c6f279666bbc398e189b8bc97544ae32b8fcb49ad6b830",
                "sha256:2c1c61546e73de62747e65807d2cc4980c395d4c5600ecb1f47a650c6fa78c79",
                "sha256:2ed9c4f694861642401f27dc3cb99772be67cd190e84845c749dae0a06c3bfae",
                "sha256:338581b30b908e111be578f0297255f6b57a51358cd16fa0e6f664c9a1f88bff",
                "sha256:38c7d48a21cd06fdeee93987147b9b1c55b73b4cfcbf83240568bfbd5adee447",
                "sha256:43fd026f613c8e48a25eba1a92f4d2ad7f3903c95d8c33a11611a7717d2ab654",
                "sha256:4548236844327a718ce3bb182ab32a16fa2050c61e334e959f554cac052fb0df",
                "sha256:5090857876c58885cfa388dc649e5db30aae98a068c26f3fd0ac9d7d9a4d9572",
                "sha256:5bbba34f97a26a93f5e8dec469ca4ddd712451418add43da946dbaed7f7a98d2",
                "sha256:65a28969a025a0eb4594637b6103201dc4ed2a9508bdab56ac33e43e3081c404",
                "sha256:892bb52b70bd5ea9dbbc3ac44f38e84f5a04e9d8b1bff48159d96cb795b81159",
                "sha256:8a9becd5cbd5062f973bcd2e7bc79483af310222de112b6541f8af1f93a3cc42",
                "sha256:972a7aaeb7c4a2795b52eef52ee991ef040b31009f36deca6207a986607b55f3",
                "sha256:97b119c436bfa96a92ac2ca525f7025836d4d4e64b1c9f9eff8dbaf3ff1d86f3",
                "sha256:9ba37698e242223f8053cc158f130aee046a96feacbeab65893dbe94f5530118",
                "sha256:b1b0e1f626a0f079c0d3696db70132fb1f29aa87c66aecb6501a9b8be64ce9f7",
                "sha256:c14c1224fd1a5be2733530d648a316974dbbb3c946913562c6005a76f21ca042",
                "sha256:c79a8546c48ae6465189e54e3245a97ddf21161e33ff7eaa42787353417bb2b6",
                "sha256:ceb76935ac4ebdf6d7bc845482a4450b284c6ccfb281e34da51d510658ab34d8",
                "sha256:e22bffaad04b4d16e1c091baed7f2733fc1ebb91e0c602abf1b6834d17158b1f",
                "sha256:ec883b8e44d877bda6f94a36313a1c6063f8b1997aa091628ae2f34c7f97c8d5",
                "sha256:f1baa54d50ec031d1a9beb89974108f8f2c0706f49798f4777df879df0e1adb6",
                "sha256:f53a5385932cda1e2c862d89460992911a89768c65d176ff8c50cddca4d29bed"
            ],
            "index": "pypi",
            "version": "==6.2.0"
        },
        "prompt-toolkit": {
            "hashes": [
                "sha256:1df952620eccb399c53ebb359cc7d9a8d3a9538cb34c5a1344bdbeb29fbcc381",
                "sha256:3f473ae040ddaa52b52f97f6b4a493cfa9f5920c255a12dc56a7d34397a398a4",
                "sha256:858588f1983ca497f1cf4ffde01d978a3ea02b01c8a26a8bbc5cd2e66d816917"
            ],
            "index": "pypi",
            "version": "==1.0.15"
        },
        "ptyprocess": {
            "hashes": [
                "sha256:e64193f0047ad603b71f202332ab5527c5e52aa7c8b609704fc28c0dc20c4365",
                "sha256:e8c43b5eee76b2083a9badde89fd1bbce6c8942d1045146e100b7b5e014f4f1a"
            ],
            "index": "pypi",
            "version": "==0.5.2"
        },
        "pygments": {
            "hashes": [
                "sha256:78f3f434bcc5d6ee09020f92ba487f95ba50f1e3ef83ae96b9d5ffa1bab25c5d",
                "sha256:dbae1046def0efb574852fab9e90209b23f556367b5a320c0bcb871c77c3e8cc"
            ],
            "index": "pypi",
            "version": "==2.2.0"
        },
        "pytz": {
            "hashes": [
                "sha256:d1d6729c85acea5423671382868627129432fba9a89ecbb248d8d1c7a9f01c67",
                "sha256:f5c056e8f62d45ba8215e5cb8f50dfccb198b4b9fbea8500674f3443e4689589"
            ],
            "index": "pypi",
            "version": "==2017.2"
        },
        "requests": {
            "hashes": [
                "sha256:6a1b267aa90cac58ac3a765d067950e7dbbf75b1da07e895d1f594193a40a38b",
                "sha256:9c443e7324ba5b85070c4a818ade28bfabedf16ea10206da1132edaa6dda237e"
            ],
            "index": "pypi",
            "version": "==2.18.4"
        },
        "simplegeneric": {
            "hashes": [
                "sha256:dc972e06094b9af5b855b3df4a646395e43d1c9d0d39ed345b7393560d0b9173"
            ],
            "index": "pypi",
            "version": "==0.8.1"
        },
        "six": {
            "hashes": [
                "sha256:3350809f0555b11f552448330d0b52d5f24c91a322ea4a15ef22629740f3761c",
                "sha256:d16a0141ec1a18405cd4ce8b4613101da75da0e9a7aec5bdd4fa804d0e0eba73"
            ],
            "version": "==1.12.0"
        },
        "traitlets": {
            "hashes": [
                "sha256:9c4bd2d267b7153df9152698efb1050a5d84982d3384a37b2c1f7723ba3e7835",
                "sha256:c6cb5e6f57c5a9bdaa40fa71ce7b4af30298fbab9ece9815b5d995ab6217c7d9"
            ],
            "index": "pypi",
            "version": "==4.3.2"
        },
        "unidecode": {
            "hashes": [
                "sha256:280a6ab88e1f2eb5af79edff450021a0d3f0448952847cd79677e55e58bad051",
                "sha256:61f807220eda0203a774a09f84b4304a3f93b5944110cc132af29ddb81366883"
            ],
            "index": "pypi",
            "version": "==0.4.21"
        },
        "urllib3": {
            "hashes": [
                "sha256:06330f386d6e4b195fbfc736b297f58c5a892e4440e54d294d7004e3a9bbea1b",
                "sha256:cc44da8e1145637334317feebd728bd869a35285b93cbb4cca2577da7e62db4f"
            ],
            "index": "pypi",
            "version": "==1.22"
        },
        "wagtail": {
            "hashes": [
                "sha256:6778057c0a3adb498bdbe37454de523953280e0eef28dd78c3516e7ab39ebb0d",
                "sha256:ecd266f54b830d043f795504fba6dc05a0c88bb8cd5555001ff530a2ac45035f"
            ],
            "index": "pypi",
            "version": "==1.12"
        },
        "wagtailmenus": {
            "hashes": [
                "sha256:03a45bcd5515fc07f48c666b8e41f222f50e5b19b771ac4049c0a017b3e5bcc6",
                "sha256:a438fadce9cb2c60a269204431af3f0727ac2bd3e8de6b345cd4f8b5d9e4125a"
            ],
            "index": "pypi",
            "version": "==2.4.1"
        },
        "wcwidth": {
            "hashes": [
                "sha256:3df37372226d6e63e1b1e1eda15c594bca98a22d33a23832a90998faa96bc65e",
                "sha256:f4ebe71925af7b40a864553f761ed559b43544f8f71746c2d756c7fe788ade7c"
            ],
            "index": "pypi",
            "version": "==0.1.7"
        },
        "webencodings": {
            "hashes": [
                "sha256:a0af1213f3c2226497a97e2b3aa01a7e4bee4f403f95be16fc9acd2947514a78",
                "sha256:b36a1c245f2d304965eb4e0a82848379241dc04b865afcc4aab16748587e1923"
            ],
            "index": "pypi",
            "version": "==0.5.1"
        },
        "willow": {
            "hashes": [
                "sha256:48f0903ff1110e67a3a167811d229cd7998acb85b6343d3271166d0af1f5d028",
                "sha256:b86334bc1939bf6b3c33bbfe141d61600ed4e6880ac86408431400cd7cc7ba3f"
            ],
            "index": "pypi",
            "version": "==0.4"
        }
    },
    "develop": {}
}
